dependencies:
- name: core-api
  repository: file://../core-api
  version: 0.1.0
- name: candidate-bot
  repository: file://../candidate-bot
  version: 0.1.0
- name: hm-bot
  repository: file://../hm-bot
  version: 0.1.0
- name: worker
  repository: file://../worker
  version: 0.1.0
- name: recruiter-web
  repository: file://../recruiter-web
  version: 0.1.0
- name: candidate-landing
  repository: file://../candidate-landing
  version: 0.1.0
digest: sha256:9aa41026ce90bdef6036c192034b2a2d2e9dfee8f9b95bb012a0277976eb508c
generated: "2025-12-19T13:16:43.941655+03:00"
